// !$*UTF8*$!
{
	archiveVersion = 1;
	classes = {
	};
	objectVersion = 46;
	objects = {

/* Begin PBXBuildFile section */
		5291FF7819CD00F400DA5B06 /* AppDelegate.swift in Sources */ = {isa = PBXBuildFile; fileRef = 5291FF7719CD00F400DA5B06 /* AppDelegate.swift */; };
		5291FF7A19CD00F400DA5B06 /* ViewController.swift in Sources */ = {isa = PBXBuildFile; fileRef = 5291FF7919CD00F400DA5B06 /* ViewController.swift */; };
		5291FF7D19CD00F400DA5B06 /* Main.storyboard in Resources */ = {isa = PBXBuildFile; fileRef = 5291FF7B19CD00F400DA5B06 /* Main.storyboard */; };
		5291FF7F19CD00F400DA5B06 /* Images.xcassets in Resources */ = {isa = PBXBuildFile; fileRef = 5291FF7E19CD00F400DA5B06 /* Images.xcassets */; };
		5291FF8219CD00F400DA5B06 /* LaunchScreen.xib in Resources */ = {isa = PBXBuildFile; fileRef = 5291FF8019CD00F400DA5B06 /* LaunchScreen.xib */; };
		5291FF8E19CD00F400DA5B06 /* swift_qiitaTests.swift in Sources */ = {isa = PBXBuildFile; fileRef = 5291FF8D19CD00F400DA5B06 /* swift_qiitaTests.swift */; };
		5291FF9819CD241300DA5B06 /* MyTableViewCell.swift in Sources */ = {isa = PBXBuildFile; fileRef = 5291FF9719CD241300DA5B06 /* MyTableViewCell.swift */; };
		5291FF9A19CD254A00DA5B06 /* Article.swift in Sources */ = {isa = PBXBuildFile; fileRef = 5291FF9919CD254A00DA5B06 /* Article.swift */; };
		5291FFAD19CD8BF600DA5B06 /* WebViewController.swift in Sources */ = {isa = PBXBuildFile; fileRef = 5291FFAC19CD8BF600DA5B06 /* WebViewController.swift */; };
		5291FFB119CD95F000DA5B06 /* btn_close.png in Resources */ = {isa = PBXBuildFile; fileRef = 5291FFB019CD95F000DA5B06 /* btn_close.png */; };
		5291FFB319CDA55400DA5B06 /* qiita-logo.png in Resources */ = {isa = PBXBuildFile; fileRef = 5291FFB219CDA55400DA5B06 /* qiita-logo.png */; };
		5291FFD119CDC6BE00DA5B06 /* Alamofire.swift in Sources */ = {isa = PBXBuildFile; fileRef = 5291FFD019CDC6BE00DA5B06 /* Alamofire.swift */; };
/* End PBXBuildFile section */

/* Begin PBXContainerItemProxy section */
		5291FF8819CD00F400DA5B06 /* PBXContainerItemProxy */ = {
			isa = PBXContainerItemProxy;
			containerPortal = 5291FF6A19CD00F400DA5B06 /* Project object */;
			proxyType = 1;
			remoteGlobalIDString = 5291FF7119CD00F400DA5B06;
			remoteInfo = "swift-qiita";
		};
/* End PBXContainerItemProxy section */

/* Begin PBXFileReference section */
		5291FF7219CD00F400DA5B06 /* swift-qiita.app */ = {isa = PBXFileReference; explicitFileType = wrapper.application; includeInIndex = 0; path = "swift-qiita.app"; sourceTree = BUILT_PRODUCTS_DIR; };
		5291FF7619CD00F400DA5B06 /* Info.plist */ = {isa = PBXFileReference; lastKnownFileType = text.plist.xml; path = Info.plist; sourceTree = "<group>"; };
		5291FF7719CD00F400DA5B06 /* AppDelegate.swift */ = {isa = PBXFileReference; lastKnownFileType = sourcecode.swift; path = AppDelegate.swift; sourceTree = "<group>"; };
		5291FF7919CD00F400DA5B06 /* ViewController.swift */ = {isa = PBXFileReference; lastKnownFileType = sourcecode.swift; path = ViewController.swift; sourceTree = "<group>"; };
		5291FF7C19CD00F400DA5B06 /* Base */ = {isa = PBXFileReference; lastKnownFileType = file.storyboard; name = Base; path = Base.lproj/Main.storyboard; sourceTree = "<group>"; };
		5291FF7E19CD00F400DA5B06 /* Images.xcassets */ = {isa = PBXFileReference; lastKnownFileType = folder.assetcatalog; path = Images.xcassets; sourceTree = "<group>"; };
		5291FF8119CD00F400DA5B06 /* Base */ = {isa = PBXFileReference; lastKnownFileType = file.xib; name = Base; path = Base.lproj/LaunchScreen.xib; sourceTree = "<group>"; };
		5291FF8719CD00F400DA5B06 /* swift-qiitaTests.xctest */ = {isa = PBXFileReference; explicitFileType = wrapper.cfbundle; includeInIndex = 0; path = "swift-qiitaTests.xctest"; sourceTree = BUILT_PRODUCTS_DIR; };
		5291FF8C19CD00F400DA5B06 /* Info.plist */ = {isa = PBXFileReference; lastKnownFileType = text.plist.xml; path = Info.plist; sourceTree = "<group>"; };
		5291FF8D19CD00F400DA5B06 /* swift_qiitaTests.swift */ = {isa = PBXFileReference; lastKnownFileType = sourcecode.swift; path = swift_qiitaTests.swift; sourceTree = "<group>"; };
		5291FF9719CD241300DA5B06 /* MyTableViewCell.swift */ = {isa = PBXFileReference; fileEncoding = 4; lastKnownFileType = sourcecode.swift; path = MyTableViewCell.swift; sourceTree = "<group>"; };
		5291FF9919CD254A00DA5B06 /* Article.swift */ = {isa = PBXFileReference; fileEncoding = 4; lastKnownFileType = sourcecode.swift; path = Article.swift; sourceTree = "<group>"; };
		5291FFAC19CD8BF600DA5B06 /* WebViewController.swift */ = {isa = PBXFileReference; fileEncoding = 4; lastKnownFileType = sourcecode.swift; path = WebViewController.swift; sourceTree = "<group>"; };
		5291FFB019CD95F000DA5B06 /* btn_close.png */ = {isa = PBXFileReference; lastKnownFileType = image.png; path = btn_close.png; sourceTree = "<group>"; };
		5291FFB219CDA55400DA5B06 /* qiita-logo.png */ = {isa = PBXFileReference; lastKnownFileType = image.png; path = "qiita-logo.png"; sourceTree = "<group>"; };
		5291FFD019CDC6BE00DA5B06 /* Alamofire.swift */ = {isa = PBXFileReference; fileEncoding = 4; lastKnownFileType = sourcecode.swift; path = Alamofire.swift; sourceTree = "<group>"; };
/* End PBXFileReference section */

/* Begin PBXFrameworksBuildPhase section */
		5291FF6F19CD00F400DA5B06 /* Frameworks */ = {
			isa = PBXFrameworksBuildPhase;
			buildActionMask = 2147483647;
			files = (
			);
			runOnlyForDeploymentPostprocessing = 0;
		};
		5291FF8419CD00F400DA5B06 /* Frameworks */ = {
			isa = PBXFrameworksBuildPhase;
			buildActionMask = 2147483647;
			files = (
			);
			runOnlyForDeploymentPostprocessing = 0;
		};
/* End PBXFrameworksBuildPhase section */

/* Begin PBXGroup section */
		5291FF6919CD00F400DA5B06 = {
			isa = PBXGroup;
			children = (
				5291FF7419CD00F400DA5B06 /* swift-qiita */,
				5291FF8A19CD00F400DA5B06 /* swift-qiitaTests */,
				5291FF7319CD00F400DA5B06 /* Products */,
			);
			sourceTree = "<group>";
		};
		5291FF7319CD00F400DA5B06 /* Products */ = {
			isa = PBXGroup;
			children = (
				5291FF7219CD00F400DA5B06 /* swift-qiita.app */,
				5291FF8719CD00F400DA5B06 /* swift-qiitaTests.xctest */,
			);
			name = Products;
			sourceTree = "<group>";
		};
		5291FF7419CD00F400DA5B06 /* swift-qiita */ = {
			isa = PBXGroup;
			children = (
				5291FFB419CDA55900DA5B06 /* images */,
				5291FFB519CDA56300DA5B06 /* Cell */,
				5291FFB619CDA57300DA5B06 /* Model */,
				5291FFD019CDC6BE00DA5B06 /* Alamofire.swift */,
				5291FF7719CD00F400DA5B06 /* AppDelegate.swift */,
				5291FF7919CD00F400DA5B06 /* ViewController.swift */,
				5291FFAC19CD8BF600DA5B06 /* WebViewController.swift */,
				5291FF7B19CD00F400DA5B06 /* Main.storyboard */,
				5291FF7E19CD00F400DA5B06 /* Images.xcassets */,
				5291FF8019CD00F400DA5B06 /* LaunchScreen.xib */,
				5291FF7519CD00F400DA5B06 /* Supporting Files */,
			);
			path = "swift-qiita";
			sourceTree = "<group>";
		};
		5291FF7519CD00F400DA5B06 /* Supporting Files */ = {
			isa = PBXGroup;
			children = (
				5291FF7619CD00F400DA5B06 /* Info.plist */,
			);
			name = "Supporting Files";
			sourceTree = "<group>";
		};
		5291FF8A19CD00F400DA5B06 /* swift-qiitaTests */ = {
			isa = PBXGroup;
			children = (
				5291FF8D19CD00F400DA5B06 /* swift_qiitaTests.swift */,
				5291FF8B19CD00F400DA5B06 /* Supporting Files */,
			);
			path = "swift-qiitaTests";
			sourceTree = "<group>";
		};
		5291FF8B19CD00F400DA5B06 /* Supporting Files */ = {
			isa = PBXGroup;
			children = (
				5291FF8C19CD00F400DA5B06 /* Info.plist */,
			);
			name = "Supporting Files";
			sourceTree = "<group>";
		};
		5291FFB419CDA55900DA5B06 /* images */ = {
			isa = PBXGroup;
			children = (
				5291FFB219CDA55400DA5B06 /* qiita-logo.png */,
				5291FFB019CD95F000DA5B06 /* btn_close.png */,
			);
			name = images;
			sourceTree = "<group>";
		};
		5291FFB519CDA56300DA5B06 /* Cell */ = {
			isa = PBXGroup;
			children = (
				5291FF9719CD241300DA5B06 /* MyTableViewCell.swift */,
			);
			name = Cell;
			sourceTree = "<group>";
		};
		5291FFB619CDA57300DA5B06 /* Model */ = {
			isa = PBXGroup;
			children = (
				5291FF9919CD254A00DA5B06 /* Article.swift */,
			);
			name = Model;
			sourceTree = "<group>";
		};
/* End PBXGroup section */

/* Begin PBXNativeTarget section */
		5291FF7119CD00F400DA5B06 /* swift-qiita */ = {
			isa = PBXNativeTarget;
			buildConfigurationList = 5291FF9119CD00F400DA5B06 /* Build configuration list for PBXNativeTarget "swift-qiita" */;
			buildPhases = (
				5291FF6E19CD00F400DA5B06 /* Sources */,
				5291FF6F19CD00F400DA5B06 /* Frameworks */,
				5291FF7019CD00F400DA5B06 /* Resources */,
			);
			buildRules = (
			);
			dependencies = (
			);
			name = "swift-qiita";
			productName = "swift-qiita";
			productReference = 5291FF7219CD00F400DA5B06 /* swift-qiita.app */;
			productType = "com.apple.product-type.application";
		};
		5291FF8619CD00F400DA5B06 /* swift-qiitaTests */ = {
			isa = PBXNativeTarget;
			buildConfigurationList = 5291FF9419CD00F400DA5B06 /* Build configuration list for PBXNativeTarget "swift-qiitaTests" */;
			buildPhases = (
				5291FF8319CD00F400DA5B06 /* Sources */,
				5291FF8419CD00F400DA5B06 /* Frameworks */,
				5291FF8519CD00F400DA5B06 /* Resources */,
			);
			buildRules = (
			);
			dependencies = (
				5291FF8919CD00F400DA5B06 /* PBXTargetDependency */,
			);
			name = "swift-qiitaTests";
			productName = "swift-qiitaTests";
			productReference = 5291FF8719CD00F400DA5B06 /* swift-qiitaTests.xctest */;
			productType = "com.apple.product-type.bundle.unit-test";
		};
/* End PBXNativeTarget section */

/* Begin PBXProject section */
		5291FF6A19CD00F400DA5B06 /* Project object */ = {
			isa = PBXProject;
			attributes = {
				LastUpgradeCheck = 0600;
				ORGANIZATIONNAME = ytakzk.me;
				TargetAttributes = {
					5291FF7119CD00F400DA5B06 = {
						CreatedOnToolsVersion = 6.0;
					};
					5291FF8619CD00F400DA5B06 = {
						CreatedOnToolsVersion = 6.0;
						TestTargetID = 5291FF7119CD00F400DA5B06;
					};
				};
			};
			buildConfigurationList = 5291FF6D19CD00F400DA5B06 /* Build configuration list for PBXProject "swift-qiita" */;
			compatibilityVersion = "Xcode 3.2";
			developmentRegion = English;
			hasScannedForEncodings = 0;
			knownRegions = (
				en,
				Base,
			);
			mainGroup = 5291FF6919CD00F400DA5B06;
			productRefGroup = 5291FF7319CD00F400DA5B06 /* Products */;
			projectDirPath = "";
			projectRoot = "";
			targets = (
				5291FF7119CD00F400DA5B06 /* swift-qiita */,
				5291FF8619CD00F400DA5B06 /* swift-qiitaTests */,
			);
		};
/* End PBXProject section */

/* Begin PBXResourcesBuildPhase section */
		5291FF7019CD00F400DA5B06 /* Resources */ = {
			isa = PBXResourcesBuildPhase;
			buildActionMask = 2147483647;
			files = (
				5291FF7D19CD00F400DA5B06 /* Main.storyboard in Resources */,
				5291FFB119CD95F000DA5B06 /* btn_close.png in Resources */,
				5291FFB319CDA55400DA5B06 /* qiita-logo.png in Resources */,
				5291FF8219CD00F400DA5B06 /* LaunchScreen.xib in Resources */,
				5291FF7F19CD00F400DA5B06 /* Images.xcassets in Resources */,
			);
			runOnlyForDeploymentPostprocessing = 0;
		};
		5291FF8519CD00F400DA5B06 /* Resources */ = {
			isa = PBXResourcesBuildPhase;
			buildActionMask = 2147483647;
			files = (
			);
			runOnlyForDeploymentPostprocessing = 0;
		};
/* End PBXResourcesBuildPhase section */

/* Begin PBXSourcesBuildPhase section */
		5291FF6E19CD00F400DA5B06 /* Sources */ = {
			isa = PBXSourcesBuildPhase;
			buildActionMask = 2147483647;
			files = (
				5291FFD119CDC6BE00DA5B06 /* Alamofire.swift in Sources */,
				5291FF9A19CD254A00DA5B06 /* Article.swift in Sources */,
				5291FF7A19CD00F400DA5B06 /* ViewController.swift in Sources */,
				5291FF7819CD00F400DA5B06 /* AppDelegate.swift in Sources */,
				5291FFAD19CD8BF600DA5B06 /* WebViewController.swift in Sources */,
				5291FF9819CD241300DA5B06 /* MyTableViewCell.swift in Sources */,
			);
			runOnlyForDeploymentPostprocessing = 0;
		};
		5291FF8319CD00F400DA5B06 /* Sources */ = {
			isa = PBXSourcesBuildPhase;
			buildActionMask = 2147483647;
			files = (
				5291FF8E19CD00F400DA5B06 /* swift_qiitaTests.swift in Sources */,
			);
			runOnlyForDeploymentPostprocessing = 0;
		};
/* End PBXSourcesBuildPhase section */

/* Begin PBXTargetDependency section */
		5291FF8919CD00F400DA5B06 /* PBXTargetDependency */ = {
			isa = PBXTargetDependency;
			target = 5291FF7119CD00F400DA5B06 /* swift-qiita */;
			targetProxy = 5291FF8819CD00F400DA5B06 /* PBXContainerItemProxy */;
		};
/* End PBXTargetDependency section */

/* Begin PBXVariantGroup section */
		5291FF7B19CD00F400DA5B06 /* Main.storyboard */ = {
			isa = PBXVariantGroup;
			children = (
				5291FF7C19CD00F400DA5B06 /* Base */,
			);
			name = Main.storyboard;
			sourceTree = "<group>";
		};
		5291FF8019CD00F400DA5B06 /* LaunchScreen.xib */ = {
			isa = PBXVariantGroup;
			children = (
				5291FF8119CD00F400DA5B06 /* Base */,
			);
			name = LaunchScreen.xib;
			sourceTree = "<group>";
		};
/* End PBXVariantGroup section */

/* Begin XCBuildConfiguration section */
		5291FF8F19CD00F400DA5B06 /* Debug */ = {
			isa = XCBuildConfiguration;
			buildSettings = {
				ALWAYS_SEARCH_USER_PATHS = NO;
				CLANG_CXX_LANGUAGE_STANDARD = "gnu++0x";
				CLANG_CXX_LIBRARY = "libc++";
				CLANG_ENABLE_MODULES = YES;
				CLANG_ENABLE_OBJC_ARC = YES;
				CLANG_WARN_BOOL_CONVERSION = YES;
				CLANG_WARN_CONSTANT_CONVERSION = YES;
				CLANG_WARN_DIRECT_OBJC_ISA_USAGE = YES_ERROR;
				CLANG_WARN_EMPTY_BODY = YES;
				CLANG_WARN_ENUM_CONVERSION = YES;
				CLANG_WARN_INT_CONVERSION = YES;
				CLANG_WARN_OBJC_ROOT_CLASS = YES_ERROR;
				CLANG_WARN_UNREACHABLE_CODE = YES;
				CLANG_WARN__DUPLICATE_METHOD_MATCH = YES;
				"CODE_SIGN_IDENTITY[sdk=iphoneos*]" = "iPhone Developer";
				COPY_PHASE_STRIP = NO;
				ENABLE_STRICT_OBJC_MSGSEND = YES;
				GCC_C_LANGUAGE_STANDARD = gnu99;
				GCC_DYNAMIC_NO_PIC = NO;
				GCC_OPTIMIZATION_LEVEL = 0;
				GCC_PREPROCESSOR_DEFINITIONS = (
					"DEBUG=1",
					"$(inherited)",
				);
				GCC_SYMBOLS_PRIVATE_EXTERN = NO;
				GCC_WARN_64_TO_32_BIT_CONVERSION = YES;
				GCC_WARN_ABOUT_RETURN_TYPE = YES_ERROR;
				GCC_WARN_UNDECLARED_SELECTOR = YES;
				GCC_WARN_UNINITIALIZED_AUTOS = YES_AGGRESSIVE;
				GCC_WARN_UNUSED_FUNCTION = YES;
				GCC_WARN_UNUSED_VARIABLE = YES;
				IPHONEOS_DEPLOYMENT_TARGET = 8.0;
				MTL_ENABLE_DEBUG_INFO = YES;
				ONLY_ACTIVE_ARCH = YES;
				SDKROOT = iphoneos;
				SWIFT_OPTIMIZATION_LEVEL = "-Onone";
			};
			name = Debug;
		};
		5291FF9019CD00F400DA5B06 /* Release */ = {
			isa = XCBuildConfiguration;
			buildSettings = {
				ALWAYS_SEARCH_USER_PATHS = NO;
				CLANG_CXX_LANGUAGE_STANDARD = "gnu++0x";
				CLANG_CXX_LIBRARY = "libc++";
				CLANG_ENABLE_MODULES = YES;
				CLANG_ENABLE_OBJC_ARC = YES;
				CLANG_WARN_BOOL_CONVERSION = YES;
				CLANG_WARN_CONSTANT_CONVERSION = YES;
				CLANG_WARN_DIRECT_OBJC_ISA_USAGE = YES_ERROR;
				CLANG_WARN_EMPTY_BODY = YES;
				CLANG_WARN_ENUM_CONVERSION = YES;
				CLANG_WARN_INT_CONVERSION = YES;
				CLANG_WARN_OBJC_ROOT_CLASS = YES_ERROR;
				CLANG_WARN_UNREACHABLE_CODE = YES;
				CLANG_WARN__DUPLICATE_METHOD_MATCH = YES;
				"CODE_SIGN_IDENTITY[sdk=iphoneos*]" = "iPhone Developer";
				COPY_PHASE_STRIP = YES;
				ENABLE_NS_ASSERTIONS = NO;
				ENABLE_STRICT_OBJC_MSGSEND = YES;
				GCC_C_LANGUAGE_STANDARD = gnu99;
				GCC_WARN_64_TO_32_BIT_CONVERSION = YES;
				GCC_WARN_ABOUT_RETURN_TYPE = YES_ERROR;
				GCC_WARN_UNDECLARED_SELECTOR = YES;
				GCC_WARN_UNINITIALIZED_AUTOS = YES_AGGRESSIVE;
				GCC_WARN_UNUSED_FUNCTION = YES;
				GCC_WARN_UNUSED_VARIABLE = YES;
				IPHONEOS_DEPLOYMENT_TARGET = 8.0;
				MTL_ENABLE_DEBUG_INFO = NO;
				SDKROOT = iphoneos;
				VALIDATE_PRODUCT = YES;
			};
			name = Release;
		};
		5291FF9219CD00F400DA5B06 /* Debug */ = {
			isa = XCBuildConfiguration;
			buildSettings = {
				ALTERNATE_OWNER = ytakzk;
				ASSETCATALOG_COMPILER_APPICON_NAME = AppIcon;
				INFOPLIST_FILE = "swift-qiita/Info.plist";
				INSTALL_OWNER = ytakzk;
				LD_RUNPATH_SEARCH_PATHS = "$(inherited) @executable_path/Frameworks";
				PRODUCT_NAME = "$(TARGET_NAME)";
			};
			name = Debug;
		};
		5291FF9319CD00F400DA5B06 /* Release */ = {
			isa = XCBuildConfiguration;
			buildSettings = {
				ALTERNATE_OWNER = ytakzk;
				ASSETCATALOG_COMPILER_APPICON_NAME = AppIcon;
				INFOPLIST_FILE = "swift-qiita/Info.plist";
				INSTALL_OWNER = ytakzk;
				LD_RUNPATH_SEARCH_PATHS = "$(inherited) @executable_path/Frameworks";
				PRODUCT_NAME = "$(TARGET_NAME)";
			};
			name = Release;
		};
		5291FF9519CD00F400DA5B06 /* Debug */ = {
			isa = XCBuildConfiguration;
			buildSettings = {
				BUNDLE_LOADER = "$(TEST_HOST)";
				FRAMEWORK_SEARCH_PATHS = (
					"$(SDKROOT)/Developer/Library/Frameworks",
					"$(inherited)",
				);
				GCC_PREPROCESSOR_DEFINITIONS = (
					"DEBUG=1",
					"$(inherited)",
				);
				INFOPLIST_FILE = "swift-qiitaTests/Info.plist";
				LD_RUNPATH_SEARCH_PATHS = "$(inherited) @executable_path/Frameworks @loader_path/Frameworks";
				PRODUCT_NAME = "$(TARGET_NAME)";
				TEST_HOST = "$(BUILT_PRODUCTS_DIR)/swift-qiita.app/swift-qiita";
			};
			name = Debug;
		};
		5291FF9619CD00F400DA5B06 /* Release */ = {
			isa = XCBuildConfiguration;
			buildSettings = {
				BUNDLE_LOADER = "$(TEST_HOST)";
				FRAMEWORK_SEARCH_PATHS = (
					"$(SDKROOT)/Developer/Library/Frameworks",
					"$(inherited)",
				);
				INFOPLIST_FILE = "swift-qiitaTests/Info.plist";
				LD_RUNPATH_SEARCH_PATHS = "$(inherited) @executable_path/Frameworks @loader_path/Frameworks";
				PRODUCT_NAME = "$(TARGET_NAME)";
				TEST_HOST = "$(BUILT_PRODUCTS_DIR)/swift-qiita.app/swift-qiita";
			};
			name = Release;
		};
/* End XCBuildConfiguration section */

/* Begin XCConfigurationList section */
		5291FF6D19CD00F400DA5B06 /* Build configuration list for PBXProject "swift-qiita" */ = {
			isa = XCConfigurationList;
			buildConfigurations = (
				5291FF8F19CD00F400DA5B06 /* Debug */,
				5291FF9019CD00F400DA5B06 /* Release */,
			);
			defaultConfigurationIsVisible = 0;
			defaultConfigurationName = Release;
		};
		5291FF9119CD00F400DA5B06 /* Build configuration list for PBXNativeTarget "swift-qiita" */ = {
			isa = XCConfigurationList;
			buildConfigurations = (
				5291FF9219CD00F400DA5B06 /* Debug */,
				5291FF9319CD00F400DA5B06 /* Release */,
			);
			defaultConfigurationIsVisible = 0;
			defaultConfigurationName = Release;
		};
		5291FF9419CD00F400DA5B06 /* Build configuration list for PBXNativeTarget "swift-qiitaTests" */ = {
			isa = XCConfigurationList;
			buildConfigurations = (
				5291FF9519CD00F400DA5B06 /* Debug */,
				5291FF9619CD00F400DA5B06 /* Release */,
			);
			defaultConfigurationIsVisible = 0;
			defaultConfigurationName = Release;
		};
/* End XCConfigurationList section */
	};
	rootObject = 5291FF6A19CD00F400DA5B06 /* Project object */;
}
